
Microsoft Visual Studio Solution File, Format Version 12.00
# Visual Studio Version 16
VisualStudioVersion = 16.0.30413.136
MinimumVisualStudioVersion = 10.0.40219.1
Project("{FAE04EC0-301F-11D3-BF4B-00C04F79EFBC}") = "NotePad Project", "NotePad Project\NotePad Project.csproj", "{E7DF8D2A-6BB6-4E39-A9B0-07C253A708C9}"
EndProject
Global
	GlobalSection(SolutionConfigurationPlatforms) = preSolution
		Debug|Any CPU = Debug|Any CPU
		Release|Any CPU = Release|Any CPU
	EndGlobalSection
	GlobalSection(ProjectConfigurationPlatforms) = postSolution
		{E7DF8D2A-6BB6-4E39-A9B0-07C253A708C9}.Debug|Any CPU.ActiveCfg = Debug|Any CPU
		{E7DF8D2A-6BB6-4E39-A9B0-07C253A708C9}.Debug|Any CPU.Build.0 = Debug|Any CPU
		{E7DF8D2A-6BB6-4E39-A9B0-07C253A708C9}.Release|Any CPU.ActiveCfg = Release|Any CPU
		{E7DF8D2A-6BB6-4E39-A9B0-07C253A708C9}.Release|Any CPU.Build.0 = Release|Any CPU
	EndGlobalSection
	GlobalSection(SolutionProperties) = preSolution
		HideSolutionNode = FALSE
	EndGlobalSection
	GlobalSection(ExtensibilityGlobals) = postSolution
		SolutionGuid = {20FD3336-ED32-46B3-9287-956914DC826B}
	EndGlobalSection
EndGlobal
